
Microsoft Visual Studio Solution File, Format Version 12.00
# Visual Studio Version 17
VisualStudioVersion = 17.0.31903.59
MinimumVisualStudioVersion = 10.0.40219.1
Project("{2150E333-8FDC-42A3-9474-1A3956D46DE8}") = "Src", "Src", "{02EA681E-C7D8-13C7-8484-4AC65E1B71E8}"
EndProject
Project("{2150E333-8FDC-42A3-9474-1A3956D46DE8}") = "Tests", "Tests", "{E19E1EE9-6CB7-46AA-BAFD-A6F55AA934D5}"
EndProject
Project("{2150E333-8FDC-42A3-9474-1A3956D46DE8}") = "Core", "Core", "{EEE7DC6B-A5A6-471D-BE93-FECA8333D70A}"
EndProject
Project("{2150E333-8FDC-42A3-9474-1A3956D46DE8}") = "API", "API", "{782F6F5A-944D-4855-9FE7-95DCC6FEB293}"
EndProject
Project("{2150E333-8FDC-42A3-9474-1A3956D46DE8}") = "Infrastructure", "Infrastructure", "{15475AF3-2716-4BDF-8352-4C7DAC3F1F0C}"
EndProject
Project("{FAE04EC0-301F-11D3-BF4B-00C04F79EFBC}") = "CryptoViewer.Domain", "Src\Core\CryptoViewer.Domain\CryptoViewer.Domain.csproj", "{A5FE9A2F-524F-4645-9D71-CBA48F04B977}"
EndProject
Project("{FAE04EC0-301F-11D3-BF4B-00C04F79EFBC}") = "CryptoViewer.Application", "Src\Core\CryptoViewer.Application\CryptoViewer.Application.csproj", "{BAB6F52D-ADA8-48B0-9438-2B6863AF2EDA}"
EndProject
Project("{FAE04EC0-301F-11D3-BF4B-00C04F79EFBC}") = "CryptoViewer.Application.UnitTests", "Tests\CryptoViewer.Application.UnitTests\CryptoViewer.Application.UnitTests.csproj", "{EF46CF55-1852-44C3-B116-9C1B34C19A9E}"
EndProject
Project("{FAE04EC0-301F-11D3-BF4B-00C04F79EFBC}") = "CryptoViewer.Infrastructure", "Src\Infrastructure\CryptoViewer.Infrastructure\CryptoViewer.Infrastructure.csproj", "{C3D0AD4F-FB00-4238-8E0C-8A3BFDB30BC8}"
EndProject
Project("{FAE04EC0-301F-11D3-BF4B-00C04F79EFBC}") = "CryptoViewer.Infrastructure.UnitTests", "Tests\CryptoViewer.Infrastructure.UnitTests\CryptoViewer.Infrastructure.UnitTests.csproj", "{AFDB0056-12D2-4B32-AC4B-12B7E67AE1E3}"
EndProject
Project("{FAE04EC0-301F-11D3-BF4B-00C04F79EFBC}") = "CryptoViewer.API", "Src\API\CryptoViewer.API\CryptoViewer.API.csproj", "{84BEA36A-6A7A-47DD-B906-9FF811741AF8}"
EndProject
Project("{FAE04EC0-301F-11D3-BF4B-00C04F79EFBC}") = "CryptoViewer.IntegrationTests", "Tests\CryptoViewer.IntegrationTests\CryptoViewer.IntegrationTests.csproj", "{79C2FC57-AFD0-4902-B6B7-E5A57B96CAAE}"
EndProject
Global
	GlobalSection(SolutionConfigurationPlatforms) = preSolution
		Debug|Any CPU = Debug|Any CPU
		Release|Any CPU = Release|Any CPU
	EndGlobalSection
	GlobalSection(ProjectConfigurationPlatforms) = postSolution
		{A5FE9A2F-524F-4645-9D71-CBA48F04B977}.Debug|Any CPU.ActiveCfg = Debug|Any CPU
		{A5FE9A2F-524F-4645-9D71-CBA48F04B977}.Debug|Any CPU.Build.0 = Debug|Any CPU
		{A5FE9A2F-524F-4645-9D71-CBA48F04B977}.Release|Any CPU.ActiveCfg = Release|Any CPU
		{A5FE9A2F-524F-4645-9D71-CBA48F04B977}.Release|Any CPU.Build.0 = Release|Any CPU
		{BAB6F52D-ADA8-48B0-9438-2B6863AF2EDA}.Debug|Any CPU.ActiveCfg = Debug|Any CPU
		{BAB6F52D-ADA8-48B0-9438-2B6863AF2EDA}.Debug|Any CPU.Build.0 = Debug|Any CPU
		{BAB6F52D-ADA8-48B0-9438-2B6863AF2EDA}.Release|Any CPU.ActiveCfg = Release|Any CPU
		{BAB6F52D-ADA8-48B0-9438-2B6863AF2EDA}.Release|Any CPU.Build.0 = Release|Any CPU
		{EF46CF55-1852-44C3-B116-9C1B34C19A9E}.Debug|Any CPU.ActiveCfg = Debug|Any CPU
		{EF46CF55-1852-44C3-B116-9C1B34C19A9E}.Debug|Any CPU.Build.0 = Debug|Any CPU
		{EF46CF55-1852-44C3-B116-9C1B34C19A9E}.Release|Any CPU.ActiveCfg = Release|Any CPU
		{EF46CF55-1852-44C3-B116-9C1B34C19A9E}.Release|Any CPU.Build.0 = Release|Any CPU
		{C3D0AD4F-FB00-4238-8E0C-8A3BFDB30BC8}.Debug|Any CPU.ActiveCfg = Debug|Any CPU
		{C3D0AD4F-FB00-4238-8E0C-8A3BFDB30BC8}.Debug|Any CPU.Build.0 = Debug|Any CPU
		{C3D0AD4F-FB00-4238-8E0C-8A3BFDB30BC8}.Release|Any CPU.ActiveCfg = Release|Any CPU
		{C3D0AD4F-FB00-4238-8E0C-8A3BFDB30BC8}.Release|Any CPU.Build.0 = Release|Any CPU
		{AFDB0056-12D2-4B32-AC4B-12B7E67AE1E3}.Debug|Any CPU.ActiveCfg = Debug|Any CPU
		{AFDB0056-12D2-4B32-AC4B-12B7E67AE1E3}.Debug|Any CPU.Build.0 = Debug|Any CPU
		{AFDB0056-12D2-4B32-AC4B-12B7E67AE1E3}.Release|Any CPU.ActiveCfg = Release|Any CPU
		{AFDB0056-12D2-4B32-AC4B-12B7E67AE1E3}.Release|Any CPU.Build.0 = Release|Any CPU
		{84BEA36A-6A7A-47DD-B906-9FF811741AF8}.Debug|Any CPU.ActiveCfg = Debug|Any CPU
		{84BEA36A-6A7A-47DD-B906-9FF811741AF8}.Debug|Any CPU.Build.0 = Debug|Any CPU
		{84BEA36A-6A7A-47DD-B906-9FF811741AF8}.Release|Any CPU.ActiveCfg = Release|Any CPU
		{84BEA36A-6A7A-47DD-B906-9FF811741AF8}.Release|Any CPU.Build.0 = Release|Any CPU
		{79C2FC57-AFD0-4902-B6B7-E5A57B96CAAE}.Debug|Any CPU.ActiveCfg = Debug|Any CPU
		{79C2FC57-AFD0-4902-B6B7-E5A57B96CAAE}.Debug|Any CPU.Build.0 = Debug|Any CPU
		{79C2FC57-AFD0-4902-B6B7-E5A57B96CAAE}.Release|Any CPU.ActiveCfg = Release|Any CPU
		{79C2FC57-AFD0-4902-B6B7-E5A57B96CAAE}.Release|Any CPU.Build.0 = Release|Any CPU
	EndGlobalSection
	GlobalSection(SolutionProperties) = preSolution
		HideSolutionNode = FALSE
	EndGlobalSection
	GlobalSection(NestedProjects) = preSolution
		{EEE7DC6B-A5A6-471D-BE93-FECA8333D70A} = {02EA681E-C7D8-13C7-8484-4AC65E1B71E8}
		{782F6F5A-944D-4855-9FE7-95DCC6FEB293} = {02EA681E-C7D8-13C7-8484-4AC65E1B71E8}
		{15475AF3-2716-4BDF-8352-4C7DAC3F1F0C} = {02EA681E-C7D8-13C7-8484-4AC65E1B71E8}
		{A5FE9A2F-524F-4645-9D71-CBA48F04B977} = {EEE7DC6B-A5A6-471D-BE93-FECA8333D70A}
		{BAB6F52D-ADA8-48B0-9438-2B6863AF2EDA} = {EEE7DC6B-A5A6-471D-BE93-FECA8333D70A}
		{EF46CF55-1852-44C3-B116-9C1B34C19A9E} = {E19E1EE9-6CB7-46AA-BAFD-A6F55AA934D5}
		{C3D0AD4F-FB00-4238-8E0C-8A3BFDB30BC8} = {15475AF3-2716-4BDF-8352-4C7DAC3F1F0C}
		{AFDB0056-12D2-4B32-AC4B-12B7E67AE1E3} = {E19E1EE9-6CB7-46AA-BAFD-A6F55AA934D5}
		{84BEA36A-6A7A-47DD-B906-9FF811741AF8} = {782F6F5A-944D-4855-9FE7-95DCC6FEB293}
		{79C2FC57-AFD0-4902-B6B7-E5A57B96CAAE} = {E19E1EE9-6CB7-46AA-BAFD-A6F55AA934D5}
	EndGlobalSection
	GlobalSection(ExtensibilityGlobals) = postSolution
		SolutionGuid = {E0CFDB9E-F745-4EDD-B274-5DD6043C92BC}
	EndGlobalSection
EndGlobal
